// !$*UTF8*$!
{
	archiveVersion = 1;
	classes = {
	};
	objectVersion = 56;
	objects = {

/* Begin PBXBuildFile section */
		819BDE852C3F72B700A94FF6 /* SecureVaultApp.swift in Sources */ = {isa = PBXBuildFile; fileRef = 819BDE842C3F72B700A94FF6 /* SecureVaultApp.swift */; };
		819BDE872C3F72B700A94FF6 /* ContentView.swift in Sources */ = {isa = PBXBuildFile; fileRef = 819BDE862C3F72B700A94FF6 /* ContentView.swift */; };
		819BDE892C3F72BB00A94FF6 /* Assets.xcassets in Resources */ = {isa = PBXBuildFile; fileRef = 819BDE882C3F72BB00A94FF6 /* Assets.xcassets */; };
		819BDE8C2C3F72BB00A94FF6 /* Preview Assets.xcassets in Resources */ = {isa = PBXBuildFile; fileRef = 819BDE8B2C3F72BB00A94FF6 /* Preview Assets.xcassets */; };
		819BDE982C3F72C900A94FF6 /* SignUpView.swift in Sources */ = {isa = PBXBuildFile; fileRef = 819BDE922C3F72C900A94FF6 /* SignUpView.swift */; };
		819BDE992C3F72C900A94FF6 /* MainView.swift in Sources */ = {isa = PBXBuildFile; fileRef = 819BDE932C3F72C900A94FF6 /* MainView.swift */; };
		819BDE9A2C3F72C900A94FF6 /* InfoView.swift in Sources */ = {isa = PBXBuildFile; fileRef = 819BDE942C3F72C900A94FF6 /* InfoView.swift */; };
		819BDE9B2C3F72C900A94FF6 /* HelpView.swift in Sources */ = {isa = PBXBuildFile; fileRef = 819BDE952C3F72C900A94FF6 /* HelpView.swift */; };
		819BDE9C2C3F72C900A94FF6 /* InputView.swift in Sources */ = {isa = PBXBuildFile; fileRef = 819BDE962C3F72C900A94FF6 /* InputView.swift */; };
		819BDE9D2C3F72C900A94FF6 /* SignInView.swift in Sources */ = {isa = PBXBuildFile; fileRef = 819BDE972C3F72C900A94FF6 /* SignInView.swift */; };
/* End PBXBuildFile section */

/* Begin PBXFileReference section */
		819BDE812C3F72B700A94FF6 /* SecureVault.app */ = {isa = PBXFileReference; explicitFileType = wrapper.application; includeInIndex = 0; path = SecureVault.app; sourceTree = BUILT_PRODUCTS_DIR; };
		819BDE842C3F72B700A94FF6 /* SecureVaultApp.swift */ = {isa = PBXFileReference; lastKnownFileType = sourcecode.swift; path = SecureVaultApp.swift; sourceTree = "<group>"; };
		819BDE862C3F72B700A94FF6 /* ContentView.swift */ = {isa = PBXFileReference; lastKnownFileType = sourcecode.swift; path = ContentView.swift; sourceTree = "<group>"; };
		819BDE882C3F72BB00A94FF6 /* Assets.xcassets */ = {isa = PBXFileReference; lastKnownFileType = folder.assetcatalog; path = Assets.xcassets; sourceTree = "<group>"; };
		819BDE8B2C3F72BB00A94FF6 /* Preview Assets.xcassets */ = {isa = PBXFileReference; lastKnownFileType = folder.assetcatalog; path = "Preview Assets.xcassets"; sourceTree = "<group>"; };
		819BDE922C3F72C900A94FF6 /* SignUpView.swift */ = {isa = PBXFileReference; fileEncoding = 4; lastKnownFileType = sourcecode.swift; path = SignUpView.swift; sourceTree = "<group>"; };
		819BDE932C3F72C900A94FF6 /* MainView.swift */ = {isa = PBXFileReference; fileEncoding = 4; lastKnownFileType = sourcecode.swift; path = MainView.swift; sourceTree = "<group>"; };
		819BDE942C3F72C900A94FF6 /* InfoView.swift */ = {isa = PBXFileReference; fileEncoding = 4; lastKnownFileType = sourcecode.swift; path = InfoView.swift; sourceTree = "<group>"; };
		819BDE952C3F72C900A94FF6 /* HelpView.swift */ = {isa = PBXFileReference; fileEncoding = 4; lastKnownFileType = sourcecode.swift; path = HelpView.swift; sourceTree = "<group>"; };
		819BDE962C3F72C900A94FF6 /* InputView.swift */ = {isa = PBXFileReference; fileEncoding = 4; lastKnownFileType = sourcecode.swift; path = InputView.swift; sourceTree = "<group>"; };
		819BDE972C3F72C900A94FF6 /* SignInView.swift */ = {isa = PBXFileReference; fileEncoding = 4; lastKnownFileType = sourcecode.swift; path = SignInView.swift; sourceTree = "<group>"; };
/* End PBXFileReference section */

/* Begin PBXFrameworksBuildPhase section */
		819BDE7E2C3F72B700A94FF6 /* Frameworks */ = {
			isa = PBXFrameworksBuildPhase;
			buildActionMask = 2147483647;
			files = (
			);
			runOnlyForDeploymentPostprocessing = 0;
		};
/* End PBXFrameworksBuildPhase section */

/* Begin PBXGroup section */
		819BDE782C3F72B700A94FF6 = {
			isa = PBXGroup;
			children = (
				819BDE832C3F72B700A94FF6 /* SecureVault */,
				819BDE822C3F72B700A94FF6 /* Products */,
			);
			sourceTree = "<group>";
		};
		819BDE822C3F72B700A94FF6 /* Products */ = {
			isa = PBXGroup;
			children = (
				819BDE812C3F72B700A94FF6 /* SecureVault.app */,
			);
			name = Products;
			sourceTree = "<group>";
		};
		819BDE832C3F72B700A94FF6 /* SecureVault */ = {
			isa = PBXGroup;
			children = (
				819BDE842C3F72B700A94FF6 /* SecureVaultApp.swift */,
				819BDE862C3F72B700A94FF6 /* ContentView.swift */,
				819BDE952C3F72C900A94FF6 /* HelpView.swift */,
				819BDE942C3F72C900A94FF6 /* InfoView.swift */,
				819BDE962C3F72C900A94FF6 /* InputView.swift */,
				819BDE932C3F72C900A94FF6 /* MainView.swift */,
				819BDE972C3F72C900A94FF6 /* SignInView.swift */,
				819BDE922C3F72C900A94FF6 /* SignUpView.swift */,
				819BDE882C3F72BB00A94FF6 /* Assets.xcassets */,
				819BDE8A2C3F72BB00A94FF6 /* Preview Content */,
			);
			path = SecureVault;
			sourceTree = "<group>";
		};
		819BDE8A2C3F72BB00A94FF6 /* Preview Content */ = {
			isa = PBXGroup;
			children = (
				819BDE8B2C3F72BB00A94FF6 /* Preview Assets.xcassets */,
			);
			path = "Preview Content";
			sourceTree = "<group>";
		};
/* End PBXGroup section */

/* Begin PBXNativeTarget section */
		819BDE802C3F72B700A94FF6 /* SecureVault */ = {
			isa = PBXNativeTarget;
			buildConfigurationList = 819BDE8F2C3F72BB00A94FF6 /* Build configuration list for PBXNativeTarget "SecureVault" */;
			buildPhases = (
				819BDE7D2C3F72B700A94FF6 /* Sources */,
				819BDE7E2C3F72B700A94FF6 /* Frameworks */,
				819BDE7F2C3F72B700A94FF6 /* Resources */,
			);
			buildRules = (
			);
			dependencies = (
			);
			name = SecureVault;
			productName = SecureVault;
			productReference = 819BDE812C3F72B700A94FF6 /* SecureVault.app */;
			productType = "com.apple.product-type.application";
		};
/* End PBXNativeTarget section */

/* Begin PBXProject section */
		819BDE792C3F72B700A94FF6 /* Project object */ = {
			isa = PBXProject;
			attributes = {
				BuildIndependentTargetsInParallel = 1;
				LastSwiftUpdateCheck = 1540;
				LastUpgradeCheck = 1540;
				TargetAttributes = {
					819BDE802C3F72B700A94FF6 = {
						CreatedOnToolsVersion = 15.4;
					};
				};
			};
			buildConfigurationList = 819BDE7C2C3F72B700A94FF6 /* Build configuration list for PBXProject "SecureVault" */;
			compatibilityVersion = "Xcode 14.0";
			developmentRegion = en;
			hasScannedForEncodings = 0;
			knownRegions = (
				en,
				Base,
			);
			mainGroup = 819BDE782C3F72B700A94FF6;
			productRefGroup = 819BDE822C3F72B700A94FF6 /* Products */;
			projectDirPath = "";
			projectRoot = "";
			targets = (
				819BDE802C3F72B700A94FF6 /* SecureVault */,
			);
		};
/* End PBXProject section */

/* Begin PBXResourcesBuildPhase section */
		819BDE7F2C3F72B700A94FF6 /* Resources */ = {
			isa = PBXResourcesBuildPhase;
			buildActionMask = 2147483647;
			files = (
				819BDE8C2C3F72BB00A94FF6 /* Preview Assets.xcassets in Resources */,
				819BDE892C3F72BB00A94FF6 /* Assets.xcassets in Resources */,
			);
			runOnlyForDeploymentPostprocessing = 0;
		};
/* End PBXResourcesBuildPhase section */

/* Begin PBXSourcesBuildPhase section */
		819BDE7D2C3F72B700A94FF6 /* Sources */ = {
			isa = PBXSourcesBuildPhase;
			buildActionMask = 2147483647;
			files = (
				819BDE872C3F72B700A94FF6 /* ContentView.swift in Sources */,
				819BDE9C2C3F72C900A94FF6 /* InputView.swift in Sources */,
				819BDE9B2C3F72C900A94FF6 /* HelpView.swift in Sources */,
				819BDE992C3F72C900A94FF6 /* MainView.swift in Sources */,
				819BDE982C3F72C900A94FF6 /* SignUpView.swift in Sources */,
				819BDE9A2C3F72C900A94FF6 /* InfoView.swift in Sources */,
				819BDE9D2C3F72C900A94FF6 /* SignInView.swift in Sources */,
				819BDE852C3F72B700A94FF6 /* SecureVaultApp.swift in Sources */,
			);
			runOnlyForDeploymentPostprocessing = 0;
		};
/* End PBXSourcesBuildPhase section */

/* Begin XCBuildConfiguration section */
		819BDE8D2C3F72BB00A94FF6 /* Debug */ = {
			isa = XCBuildConfiguration;
			buildSettings = {
				ALWAYS_SEARCH_USER_PATHS = NO;
				ASSETCATALOG_COMPILER_GENERATE_SWIFT_ASSET_SYMBOL_EXTENSIONS = YES;
				CLANG_ANALYZER_NONNULL = YES;
				CLANG_ANALYZER_NUMBER_OBJECT_CONVERSION = YES_AGGRESSIVE;
				CLANG_CXX_LANGUAGE_STANDARD = "gnu++20";
				CLANG_ENABLE_MODULES = YES;
				CLANG_ENABLE_OBJC_ARC = YES;
				CLANG_ENABLE_OBJC_WEAK = YES;
				CLANG_WARN_BLOCK_CAPTURE_AUTORELEASING = YES;
				CLANG_WARN_BOOL_CONVERSION = YES;
				CLANG_WARN_COMMA = YES;
				CLANG_WARN_CONSTANT_CONVERSION = YES;
				CLANG_WARN_DEPRECATED_OBJC_IMPLEMENTATIONS = YES;
				CLANG_WARN_DIRECT_OBJC_ISA_USAGE = YES_ERROR;
				CLANG_WARN_DOCUMENTATION_COMMENTS = YES;
				CLANG_WARN_EMPTY_BODY = YES;
				CLANG_WARN_ENUM_CONVERSION = YES;
				CLANG_WARN_INFINITE_RECURSION = YES;
				CLANG_WARN_INT_CONVERSION = YES;
				CLANG_WARN_NON_LITERAL_NULL_CONVERSION = YES;
				CLANG_WARN_OBJC_IMPLICIT_RETAIN_SELF = YES;
				CLANG_WARN_OBJC_LITERAL_CONVERSION = YES;
				CLANG_WARN_OBJC_ROOT_CLASS = YES_ERROR;
				CLANG_WARN_QUOTED_INCLUDE_IN_FRAMEWORK_HEADER = YES;
				CLANG_WARN_RANGE_LOOP_ANALYSIS = YES;
				CLANG_WARN_STRICT_PROTOTYPES = YES;
				CLANG_WARN_SUSPICIOUS_MOVE = YES;
				CLANG_WARN_UNGUARDED_AVAILABILITY = YES_AGGRESSIVE;
				CLANG_WARN_UNREACHABLE_CODE = YES;
				CLANG_WARN__DUPLICATE_METHOD_MATCH = YES;
				COPY_PHASE_STRIP = NO;
				DEBUG_INFORMATION_FORMAT = dwarf;
				ENABLE_STRICT_OBJC_MSGSEND = YES;
				ENABLE_TESTABILITY = YES;
				ENABLE_USER_SCRIPT_SANDBOXING = YES;
				GCC_C_LANGUAGE_STANDARD = gnu17;
				GCC_DYNAMIC_NO_PIC = NO;
				GCC_NO_COMMON_BLOCKS = YES;
				GCC_OPTIMIZATION_LEVEL = 0;
				GCC_PREPROCESSOR_DEFINITIONS = (
					"DEBUG=1",
					"$(inherited)",
				);
				GCC_WARN_64_TO_32_BIT_CONVERSION = YES;
				GCC_WARN_ABOUT_RETURN_TYPE = YES_ERROR;
				GCC_WARN_UNDECLARED_SELECTOR = YES;
				GCC_WARN_UNINITIALIZED_AUTOS = YES_AGGRESSIVE;
				GCC_WARN_UNUSED_FUNCTION = YES;
				GCC_WARN_UNUSED_VARIABLE = YES;
				IPHONEOS_DEPLOYMENT_TARGET = 17.5;
				LOCALIZATION_PREFERS_STRING_CATALOGS = YES;
				MTL_ENABLE_DEBUG_INFO = INCLUDE_SOURCE;
				MTL_FAST_MATH = YES;
				ONLY_ACTIVE_ARCH = YES;
				SDKROOT = iphoneos;
				SWIFT_ACTIVE_COMPILATION_CONDITIONS = "DEBUG $(inherited)";
				SWIFT_OPTIMIZATION_LEVEL = "-Onone";
			};
			name = Debug;
		};
		819BDE8E2C3F72BB00A94FF6 /* Release */ = {
			isa = XCBuildConfiguration;
			buildSettings = {
				ALWAYS_SEARCH_USER_PATHS = NO;
				ASSETCATALOG_COMPILER_GENERATE_SWIFT_ASSET_SYMBOL_EXTENSIONS = YES;
				CLANG_ANALYZER_NONNULL = YES;
				CLANG_ANALYZER_NUMBER_OBJECT_CONVERSION = YES_AGGRESSIVE;
				CLANG_CXX_LANGUAGE_STANDARD = "gnu++20";
				CLANG_ENABLE_MODULES = YES;
				CLANG_ENABLE_OBJC_ARC = YES;
				CLANG_ENABLE_OBJC_WEAK = YES;
				CLANG_WARN_BLOCK_CAPTURE_AUTORELEASING = YES;
				CLANG_WARN_BOOL_CONVERSION = YES;
				CLANG_WARN_COMMA = YES;
				CLANG_WARN_CONSTANT_CONVERSION = YES;
				CLANG_WARN_DEPRECATED_OBJC_IMPLEMENTATIONS = YES;
				CLANG_WARN_DIRECT_OBJC_ISA_USAGE = YES_ERROR;
				CLANG_WARN_DOCUMENTATION_COMMENTS = YES;
				CLANG_WARN_EMPTY_BODY = YES;
				CLANG_WARN_ENUM_CONVERSION = YES;
				CLANG_WARN_INFINITE_RECURSION = YES;
				CLANG_WARN_INT_CONVERSION = YES;
				CLANG_WARN_NON_LITERAL_NULL_CONVERSION = YES;
				CLANG_WARN_OBJC_IMPLICIT_RETAIN_SELF = YES;
				CLANG_WARN_OBJC_LITERAL_CONVERSION = YES;
				CLANG_WARN_OBJC_ROOT_CLASS = YES_ERROR;
				CLANG_WARN_QUOTED_INCLUDE_IN_FRAMEWORK_HEADER = YES;
				CLANG_WARN_RANGE_LOOP_ANALYSIS = YES;
				CLANG_WARN_STRICT_PROTOTYPES = YES;
				CLANG_WARN_SUSPICIOUS_MOVE = YES;
				CLANG_WARN_UNGUARDED_AVAILABILITY = YES_AGGRESSIVE;
				CLANG_WARN_UNREACHABLE_CODE = YES;
				CLANG_WARN__DUPLICATE_METHOD_MATCH = YES;
				COPY_PHASE_STRIP = NO;
				DEBUG_INFORMATION_FORMAT = "dwarf-with-dsym";
				ENABLE_NS_ASSERTIONS = NO;
				ENABLE_STRICT_OBJC_MSGSEND = YES;
				ENABLE_USER_SCRIPT_SANDBOXING = YES;
				GCC_C_LANGUAGE_STANDARD = gnu17;
				GCC_NO_COMMON_BLOCKS = YES;
				GCC_WARN_64_TO_32_BIT_CONVERSION = YES;
				GCC_WARN_ABOUT_RETURN_TYPE = YES_ERROR;
				GCC_WARN_UNDECLARED_SELECTOR = YES;
				GCC_WARN_UNINITIALIZED_AUTOS = YES_AGGRESSIVE;
				GCC_WARN_UNUSED_FUNCTION = YES;
				GCC_WARN_UNUSED_VARIABLE = YES;
				IPHONEOS_DEPLOYMENT_TARGET = 17.5;
				LOCALIZATION_PREFERS_STRING_CATALOGS = YES;
				MTL_ENABLE_DEBUG_INFO = NO;
				MTL_FAST_MATH = YES;
				SDKROOT = iphoneos;
				SWIFT_COMPILATION_MODE = wholemodule;
				VALIDATE_PRODUCT = YES;
			};
			name = Release;
		};
		819BDE902C3F72BB00A94FF6 /* Debug */ = {
			isa = XCBuildConfiguration;
			buildSettings = {
				ASSETCATALOG_COMPILER_APPICON_NAME = AppIcon;
				ASSETCATALOG_COMPILER_GLOBAL_ACCENT_COLOR_NAME = AccentColor;
				CODE_SIGN_STYLE = Automatic;
				CURRENT_PROJECT_VERSION = 1;
				DEVELOPMENT_ASSET_PATHS = "\"SecureVault/Preview Content\"";
				DEVELOPMENT_TEAM = W254VRMYYH;
				ENABLE_PREVIEWS = YES;
				GENERATE_INFOPLIST_FILE = YES;
				INFOPLIST_KEY_UIApplicationSceneManifest_Generation = YES;
				INFOPLIST_KEY_UIApplicationSupportsIndirectInputEvents = YES;
				INFOPLIST_KEY_UILaunchScreen_Generation = YES;
				INFOPLIST_KEY_UISupportedInterfaceOrientations_iPad = "UIInterfaceOrientationPortrait UIInterfaceOrientationPortraitUpsideDown UIInterfaceOrientationLandscapeLeft UIInterfaceOrientationLandscapeRight";
				INFOPLIST_KEY_UISupportedInterfaceOrientations_iPhone = "UIInterfaceOrientationPortrait UIInterfaceOrientationLandscapeLeft UIInterfaceOrientationLandscapeRight";
				LD_RUNPATH_SEARCH_PATHS = (
					"$(inherited)",
					"@executable_path/Frameworks",
				);
				MARKETING_VERSION = 1.0;
				PRODUCT_BUNDLE_IDENTIFIER = sanath.SecureVault;
				PRODUCT_NAME = "$(TARGET_NAME)";
				SWIFT_EMIT_LOC_STRINGS = YES;
				SWIFT_VERSION = 5.0;
				TARGETED_DEVICE_FAMILY = "1,2";
			};
			name = Debug;
		};
		819BDE912C3F72BB00A94FF6 /* Release */ = {
			isa = XCBuildConfiguration;
			buildSettings = {
				ASSETCATALOG_COMPILER_APPICON_NAME = AppIcon;
				ASSETCATALOG_COMPILER_GLOBAL_ACCENT_COLOR_NAME = AccentColor;
				CODE_SIGN_STYLE = Automatic;
				CURRENT_PROJECT_VERSION = 1;
				DEVELOPMENT_ASSET_PATHS = "\"SecureVault/Preview Content\"";
				DEVELOPMENT_TEAM = W254VRMYYH;
				ENABLE_PREVIEWS = YES;
				GENERATE_INFOPLIST_FILE = YES;
				INFOPLIST_KEY_UIApplicationSceneManifest_Generation = YES;
				INFOPLIST_KEY_UIApplicationSupportsIndirectInputEvents = YES;
				INFOPLIST_KEY_UILaunchScreen_Generation = YES;
				INFOPLIST_KEY_UISupportedInterfaceOrientations_iPad = "UIInterfaceOrientationPortrait UIInterfaceOrientationPortraitUpsideDown UIInterfaceOrientationLandscapeLeft UIInterfaceOrientationLandscapeRight";
				INFOPLIST_KEY_UISupportedInterfaceOrientations_iPhone = "UIInterfaceOrientationPortrait UIInterfaceOrientationLandscapeLeft UIInterfaceOrientationLandscapeRight";
				LD_RUNPATH_SEARCH_PATHS = (
					"$(inherited)",
					"@executable_path/Frameworks",
				);
				MARKETING_VERSION = 1.0;
				PRODUCT_BUNDLE_IDENTIFIER = sanath.SecureVault;
				PRODUCT_NAME = "$(TARGET_NAME)";
				SWIFT_EMIT_LOC_STRINGS = YES;
				SWIFT_VERSION = 5.0;
				TARGETED_DEVICE_FAMILY = "1,2";
			};
			name = Release;
		};
/* End XCBuildConfiguration section */

/* Begin XCConfigurationList section */
		819BDE7C2C3F72B700A94FF6 /* Build configuration list for PBXProject "SecureVault" */ = {
			isa = XCConfigurationList;
			buildConfigurations = (
				819BDE8D2C3F72BB00A94FF6 /* Debug */,
				819BDE8E2C3F72BB00A94FF6 /* Release */,
			);
			defaultConfigurationIsVisible = 0;
			defaultConfigurationName = Release;
		};
		819BDE8F2C3F72BB00A94FF6 /* Build configuration list for PBXNativeTarget "SecureVault" */ = {
			isa = XCConfigurationList;
			buildConfigurations = (
				819BDE902C3F72BB00A94FF6 /* Debug */,
				819BDE912C3F72BB00A94FF6 /* Release */,
			);
			defaultConfigurationIsVisible = 0;
			defaultConfigurationName = Release;
		};
/* End XCConfigurationList section */
	};
	rootObject = 819BDE792C3F72B700A94FF6 /* Project object */;
}
